# DO NOT EDIT MANUALLY - Managed by Fern Replay
version: "1.0"
generations:
  - commit_sha: 93f811520eb51c0a36e4813c9dfd31b62b0972fc
    tree_hash: c95fd4790ae8fb33b48e44e2d0a36b4b4e51c842
    timestamp: 2026-08-27T18:59:11.730Z
    cli_version: unknown
    generator_versions: {}
current_generation: 93f811520eb51c0a36e4813c9dfd31b62b0972fc
patches: []
