# DO NOT EDIT MANUALLY - Managed by Fern Replay
version: "1.0"
generations:
  - commit_sha: 93f811520eb51c0a36e4813c9dfd31b62b0972fc
    tree_hash: c95fd4790ae8fb33b48e44e2d0a36b4b4e51c842
    timestamp: 2026-08-27T18:59:11.730Z
    cli_version: unknown
    generator_versions: {}
  - commit_sha: 2e528fbba7a3ba583dd1697315c5fb8d487fac1b
    tree_hash: a9fe20b47fab4a4434b9a2675fc4bb12bd14b221
    timestamp: 2026-08-27T18:59:12.142Z
    cli_version: 0.66.25
    generator_versions:
      fernapi/fern-typescript-node-sdk: 0.49.1
current_generation: 2e528fbba7a3ba583dd1697315c5fb8d487fac1b
patches: []
